// !$*UTF8*$!
{
	archiveVersion = 1;
	classes = {
	};
	objectVersion = 46;
	objects = {

/* Begin PBXBuildFile section */
		18BBC6F51BE1A7F1001AF20E /* AppDelegate.swift in Sources */ = {isa = PBXBuildFile; fileRef = 18BBC6F41BE1A7F1001AF20E /* AppDelegate.swift */; };
		18BBC6F71BE1A7F1001AF20E /* ViewController.swift in Sources */ = {isa = PBXBuildFile; fileRef = 18BBC6F61BE1A7F1001AF20E /* ViewController.swift */; };
		18BBC6FA1BE1A7F1001AF20E /* Main.storyboard in Resources */ = {isa = PBXBuildFile; fileRef = 18BBC6F81BE1A7F1001AF20E /* Main.storyboard */; };
		18BBC6FC1BE1A7F1001AF20E /* Assets.xcassets in Resources */ = {isa = PBXBuildFile; fileRef = 18BBC6FB1BE1A7F1001AF20E /* Assets.xcassets */; };
		18BBC6FF1BE1A7F1001AF20E /* LaunchScreen.storyboard in Resources */ = {isa = PBXBuildFile; fileRef = 18BBC6FD1BE1A7F1001AF20E /* LaunchScreen.storyboard */; };
/* End PBXBuildFile section */

/* Begin PBXFileReference section */
		18BBC6F11BE1A7F1001AF20E /* EyeBrowse.app */ = {isa = PBXFileReference; explicitFileType = wrapper.application; includeInIndex = 0; path = EyeBrowse.app; sourceTree = BUILT_PRODUCTS_DIR; };
		18BBC6F41BE1A7F1001AF20E /* AppDelegate.swift */ = {isa = PBXFileReference; lastKnownFileType = sourcecode.swift; path = AppDelegate.swift; sourceTree = "<group>"; };
		18BBC6F61BE1A7F1001AF20E /* ViewController.swift */ = {isa = PBXFileReference; lastKnownFileType = sourcecode.swift; path = ViewController.swift; sourceTree = "<group>"; };
		18BBC6F91BE1A7F1001AF20E /* Base */ = {isa = PBXFileReference; lastKnownFileType = file.storyboard; name = Base; path = Base.lproj/Main.storyboard; sourceTree = "<group>"; };
		18BBC6FB1BE1A7F1001AF20E /* Assets.xcassets */ = {isa = PBXFileReference; lastKnownFileType = folder.assetcatalog; path = Assets.xcassets; sourceTree = "<group>"; };
		18BBC6FE1BE1A7F1001AF20E /* Base */ = {isa = PBXFileReference; lastKnownFileType = file.storyboard; name = Base; path = Base.lproj/LaunchScreen.storyboard; sourceTree = "<group>"; };
		18BBC7001BE1A7F1001AF20E /* Info.plist */ = {isa = PBXFileReference; lastKnownFileType = text.plist.xml; path = Info.plist; sourceTree = "<group>"; };
/* End PBXFileReference section */

/* Begin PBXFrameworksBuildPhase section */
		18BBC6EE1BE1A7F1001AF20E /* Frameworks */ = {
			isa = PBXFrameworksBuildPhase;
			buildActionMask = 2147483647;
			files = (
			);
			runOnlyForDeploymentPostprocessing = 0;
		};
/* End PBXFrameworksBuildPhase section */

/* Begin PBXGroup section */
		18BBC6E81BE1A7F1001AF20E = {
			isa = PBXGroup;
			children = (
				18BBC6F31BE1A7F1001AF20E /* EyeBrowse */,
				18BBC6F21BE1A7F1001AF20E /* Products */,
			);
			sourceTree = "<group>";
		};
		18BBC6F21BE1A7F1001AF20E /* Products */ = {
			isa = PBXGroup;
			children = (
				18BBC6F11BE1A7F1001AF20E /* EyeBrowse.app */,
			);
			name = Products;
			sourceTree = "<group>";
		};
		18BBC6F31BE1A7F1001AF20E /* EyeBrowse */ = {
			isa = PBXGroup;
			children = (
				18BBC6F41BE1A7F1001AF20E /* AppDelegate.swift */,
				18BBC6F61BE1A7F1001AF20E /* ViewController.swift */,
				18BBC6F81BE1A7F1001AF20E /* Main.storyboard */,
				18BBC6FB1BE1A7F1001AF20E /* Assets.xcassets */,
				18BBC6FD1BE1A7F1001AF20E /* LaunchScreen.storyboard */,
				18BBC7001BE1A7F1001AF20E /* Info.plist */,
			);
			path = EyeBrowse;
			sourceTree = "<group>";
		};
/* End PBXGroup section */

/* Begin PBXNativeTarget section */
		18BBC6F01BE1A7F1001AF20E /* EyeBrowse */ = {
			isa = PBXNativeTarget;
			buildConfigurationList = 18BBC7031BE1A7F1001AF20E /* Build configuration list for PBXNativeTarget "EyeBrowse" */;
			buildPhases = (
				18BBC6ED1BE1A7F1001AF20E /* Sources */,
				18BBC6EE1BE1A7F1001AF20E /* Frameworks */,
				18BBC6EF1BE1A7F1001AF20E /* Resources */,
			);
			buildRules = (
			);
			dependencies = (
			);
			name = EyeBrowse;
			productName = EyeBrowse;
			productReference = 18BBC6F11BE1A7F1001AF20E /* EyeBrowse.app */;
			productType = "com.apple.product-type.application";
		};
/* End PBXNativeTarget section */

/* Begin PBXProject section */
		18BBC6E91BE1A7F1001AF20E /* Project object */ = {
			isa = PBXProject;
			attributes = {
				LastSwiftUpdateCheck = 0710;
				LastUpgradeCheck = 0710;
				ORGANIZATIONNAME = "从今以后";
				TargetAttributes = {
					18BBC6F01BE1A7F1001AF20E = {
						CreatedOnToolsVersion = 7.1;
						DevelopmentTeam = 39XM8MX49W;
					};
				};
			};
			buildConfigurationList = 18BBC6EC1BE1A7F1001AF20E /* Build configuration list for PBXProject "EyeBrowse" */;
			compatibilityVersion = "Xcode 3.2";
			developmentRegion = English;
			hasScannedForEncodings = 0;
			knownRegions = (
				en,
				Base,
			);
			mainGroup = 18BBC6E81BE1A7F1001AF20E;
			productRefGroup = 18BBC6F21BE1A7F1001AF20E /* Products */;
			projectDirPath = "";
			projectRoot = "";
			targets = (
				18BBC6F01BE1A7F1001AF20E /* EyeBrowse */,
			);
		};
/* End PBXProject section */

/* Begin PBXResourcesBuildPhase section */
		18BBC6EF1BE1A7F1001AF20E /* Resources */ = {
			isa = PBXResourcesBuildPhase;
			buildActionMask = 2147483647;
			files = (
				18BBC6FF1BE1A7F1001AF20E /* LaunchScreen.storyboard in Resources */,
				18BBC6FC1BE1A7F1001AF20E /* Assets.xcassets in Resources */,
				18BBC6FA1BE1A7F1001AF20E /* Main.storyboard in Resources */,
			);
			runOnlyForDeploymentPostprocessing = 0;
		};
/* End PBXResourcesBuildPhase section */

/* Begin PBXSourcesBuildPhase section */
		18BBC6ED1BE1A7F1001AF20E /* Sources */ = {
			isa = PBXSourcesBuildPhase;
			buildActionMask = 2147483647;
			files = (
				18BBC6F71BE1A7F1001AF20E /* ViewController.swift in Sources */,
				18BBC6F51BE1A7F1001AF20E /* AppDelegate.swift in Sources */,
			);
			runOnlyForDeploymentPostprocessing = 0;
		};
/* End PBXSourcesBuildPhase section */

/* Begin PBXVariantGroup section */
		18BBC6F81BE1A7F1001AF20E /* Main.storyboard */ = {
			isa = PBXVariantGroup;
			children = (
				18BBC6F91BE1A7F1001AF20E /* Base */,
			);
			name = Main.storyboard;
			sourceTree = "<group>";
		};
		18BBC6FD1BE1A7F1001AF20E /* LaunchScreen.storyboard */ = {
			isa = PBXVariantGroup;
			children = (
				18BBC6FE1BE1A7F1001AF20E /* Base */,
			);
			name = LaunchScreen.storyboard;
			sourceTree = "<group>";
		};
/* End PBXVariantGroup section */

/* Begin XCBuildConfiguration section */
		18BBC7011BE1A7F1001AF20E /* Debug */ = {
			isa = XCBuildConfiguration;
			buildSettings = {
				ALWAYS_SEARCH_USER_PATHS = NO;
				CLANG_CXX_LANGUAGE_STANDARD = "gnu++0x";
				CLANG_CXX_LIBRARY = "libc++";
				CLANG_ENABLE_MODULES = YES;
				CLANG_ENABLE_OBJC_ARC = YES;
				CLANG_WARN_BOOL_CONVERSION = YES;
				CLANG_WARN_CONSTANT_CONVERSION = YES;
				CLANG_WARN_DIRECT_OBJC_ISA_USAGE = YES_ERROR;
				CLANG_WARN_EMPTY_BODY = YES;
				CLANG_WARN_ENUM_CONVERSION = YES;
				CLANG_WARN_INT_CONVERSION = YES;
				CLANG_WARN_OBJC_ROOT_CLASS = YES_ERROR;
				CLANG_WARN_UNREACHABLE_CODE = YES;
				CLANG_WARN__DUPLICATE_METHOD_MATCH = YES;
				"CODE_SIGN_IDENTITY[sdk=iphoneos*]" = "iPhone Developer";
				COPY_PHASE_STRIP = NO;
				DEBUG_INFORMATION_FORMAT = dwarf;
				ENABLE_STRICT_OBJC_MSGSEND = YES;
				ENABLE_TESTABILITY = YES;
				GCC_C_LANGUAGE_STANDARD = gnu99;
				GCC_DYNAMIC_NO_PIC = NO;
				GCC_NO_COMMON_BLOCKS = YES;
				GCC_OPTIMIZATION_LEVEL = 0;
				GCC_PREPROCESSOR_DEFINITIONS = (
					"DEBUG=1",
					"$(inherited)",
				);
				GCC_WARN_64_TO_32_BIT_CONVERSION = YES;
				GCC_WARN_ABOUT_RETURN_TYPE = YES_ERROR;
				GCC_WARN_UNDECLARED_SELECTOR = YES;
				GCC_WARN_UNINITIALIZED_AUTOS = YES_AGGRESSIVE;
				GCC_WARN_UNUSED_FUNCTION = YES;
				GCC_WARN_UNUSED_VARIABLE = YES;
				IPHONEOS_DEPLOYMENT_TARGET = 9.0;
				MTL_ENABLE_DEBUG_INFO = YES;
				ONLY_ACTIVE_ARCH = YES;
				SDKROOT = iphoneos;
				SWIFT_OPTIMIZATION_LEVEL = "-Onone";
				TARGETED_DEVICE_FAMILY = "1,2";
			};
			name = Debug;
		};
		18BBC7021BE1A7F1001AF20E /* Release */ = {
			isa = XCBuildConfiguration;
			buildSettings = {
				ALWAYS_SEARCH_USER_PATHS = NO;
				CLANG_CXX_LANGUAGE_STANDARD = "gnu++0x";
				CLANG_CXX_LIBRARY = "libc++";
				CLANG_ENABLE_MODULES = YES;
				CLANG_ENABLE_OBJC_ARC = YES;
				CLANG_WARN_BOOL_CONVERSION = YES;
				CLANG_WARN_CONSTANT_CONVERSION = YES;
				CLANG_WARN_DIRECT_OBJC_ISA_USAGE = YES_ERROR;
				CLANG_WARN_EMPTY_BODY = YES;
				CLANG_WARN_ENUM_CONVERSION = YES;
				CLANG_WARN_INT_CONVERSION = YES;
				CLANG_WARN_OBJC_ROOT_CLASS = YES_ERROR;
				CLANG_WARN_UNREACHABLE_CODE = YES;
				CLANG_WARN__DUPLICATE_METHOD_MATCH = YES;
				"CODE_SIGN_IDENTITY[sdk=iphoneos*]" = "iPhone Developer";
				COPY_PHASE_STRIP = NO;
				DEBUG_INFORMATION_FORMAT = "dwarf-with-dsym";
				ENABLE_NS_ASSERTIONS = NO;
				ENABLE_STRICT_OBJC_MSGSEND = YES;
				GCC_C_LANGUAGE_STANDARD = gnu99;
				GCC_NO_COMMON_BLOCKS = YES;
				GCC_WARN_64_TO_32_BIT_CONVERSION = YES;
				GCC_WARN_ABOUT_RETURN_TYPE = YES_ERROR;
				GCC_WARN_UNDECLARED_SELECTOR = YES;
				GCC_WARN_UNINITIALIZED_AUTOS = YES_AGGRESSIVE;
				GCC_WARN_UNUSED_FUNCTION = YES;
				GCC_WARN_UNUSED_VARIABLE = YES;
				IPHONEOS_DEPLOYMENT_TARGET = 9.0;
				MTL_ENABLE_DEBUG_INFO = NO;
				SDKROOT = iphoneos;
				TARGETED_DEVICE_FAMILY = "1,2";
				VALIDATE_PRODUCT = YES;
			};
			name = Release;
		};
		18BBC7041BE1A7F1001AF20E /* Debug */ = {
			isa = XCBuildConfiguration;
			buildSettings = {
				ASSETCATALOG_COMPILER_APPICON_NAME = AppIcon;
				INFOPLIST_FILE = EyeBrowse/Info.plist;
				LD_RUNPATH_SEARCH_PATHS = "$(inherited) @executable_path/Frameworks";
				PRODUCT_BUNDLE_IDENTIFIER = com.cjyh.EyeBrowse;
				PRODUCT_NAME = "$(TARGET_NAME)";
			};
			name = Debug;
		};
		18BBC7051BE1A7F1001AF20E /* Release */ = {
			isa = XCBuildConfiguration;
			buildSettings = {
				ASSETCATALOG_COMPILER_APPICON_NAME = AppIcon;
				INFOPLIST_FILE = EyeBrowse/Info.plist;
				LD_RUNPATH_SEARCH_PATHS = "$(inherited) @executable_path/Frameworks";
				PRODUCT_BUNDLE_IDENTIFIER = com.cjyh.EyeBrowse;
				PRODUCT_NAME = "$(TARGET_NAME)";
			};
			name = Release;
		};
/* End XCBuildConfiguration section */

/* Begin XCConfigurationList section */
		18BBC6EC1BE1A7F1001AF20E /* Build configuration list for PBXProject "EyeBrowse" */ = {
			isa = XCConfigurationList;
			buildConfigurations = (
				18BBC7011BE1A7F1001AF20E /* Debug */,
				18BBC7021BE1A7F1001AF20E /* Release */,
			);
			defaultConfigurationIsVisible = 0;
			defaultConfigurationName = Release;
		};
		18BBC7031BE1A7F1001AF20E /* Build configuration list for PBXNativeTarget "EyeBrowse" */ = {
			isa = XCConfigurationList;
			buildConfigurations = (
				18BBC7041BE1A7F1001AF20E /* Debug */,
				18BBC7051BE1A7F1001AF20E /* Release */,
			);
			defaultConfigurationIsVisible = 0;
			defaultConfigurationName = Release;
		};
/* End XCConfigurationList section */
	};
	rootObject = 18BBC6E91BE1A7F1001AF20E /* Project object */;
}
